
Microsoft Visual Studio Solution File, Format Version 12.00
# Visual Studio 15
VisualStudioVersion = 15.0.28307.757
MinimumVisualStudioVersion = 10.0.40219.1
Project("{9A19103F-16F7-4668-BE54-9A1E7A4F7556}") = "PowerBankAdmin", "PowerBankAdmin\PowerBankAdmin.csproj", "{BE3377D9-BC5E-4C9B-8012-7A3F13A8F0B4}"
EndProject
Project("{2150E333-8FDC-42A3-9474-1A3956D46DE8}") = "Solution Items", "Solution Items", "{2C7BB420-A46C-4E04-8A03-510D2C761BB7}"
	ProjectSection(SolutionItems) = preProject
		.gitignore = .gitignore
	EndProjectSection
EndProject
Global
	GlobalSection(SolutionConfigurationPlatforms) = preSolution
		Debug|Any CPU = Debug|Any CPU
		Release|Any CPU = Release|Any CPU
	EndGlobalSection
	GlobalSection(ProjectConfigurationPlatforms) = postSolution
		{BE3377D9-BC5E-4C9B-8012-7A3F13A8F0B4}.Debug|Any CPU.ActiveCfg = Debug|Any CPU
		{BE3377D9-BC5E-4C9B-8012-7A3F13A8F0B4}.Debug|Any CPU.Build.0 = Debug|Any CPU
		{BE3377D9-BC5E-4C9B-8012-7A3F13A8F0B4}.Release|Any CPU.ActiveCfg = Release|Any CPU
		{BE3377D9-BC5E-4C9B-8012-7A3F13A8F0B4}.Release|Any CPU.Build.0 = Release|Any CPU
	EndGlobalSection
	GlobalSection(SolutionProperties) = preSolution
		HideSolutionNode = FALSE
	EndGlobalSection
	GlobalSection(ExtensibilityGlobals) = postSolution
		SolutionGuid = {CFBE98C6-DC50-4FC7-87D9-EFD929FFDF08}
	EndGlobalSection
	GlobalSection(MonoDevelopProperties) = preSolution
		Policies = $0
		$0.DotNetNamingPolicy = $1
		$1.DirectoryNamespaceAssociation = PrefixedHierarchical
	EndGlobalSection
EndGlobal
